# THIS IS AN AUTOGENERATED FILE. DO NOT EDIT THIS FILE DIRECTLY.
# yarn lockfile v1


mui@^0.0.1:
  version "0.0.1"
  resolved "https://registry.yarnpkg.com/mui/-/mui-0.0.1.tgz#469a71f0932969526271ec939dc5959806590762"
  integrity sha512-iB9zfxsJBcMkZ/SY6X+HGSPr4fftCZIQ76ZMH8iSMfVkidVzRtZlLW2gbWXUe+IMcj8JLv1p+dGKvPVlgtiocA==
